
Microsoft Visual Studio Solution File, Format Version 12.00
# Visual Studio Version 17
VisualStudioVersion = 17.5.33502.453
MinimumVisualStudioVersion = 10.0.40219.1
Project("{FAE04EC0-301F-11D3-BF4B-00C04F79EFBC}") = "DemoApi", "DemoApi.csproj", "{19BA1A4D-B820-461E-B851-314BEEFBFCDB}"
EndProject
Global
	GlobalSection(SolutionConfigurationPlatforms) = preSolution
		Debug|Any CPU = Debug|Any CPU
		Release|Any CPU = Release|Any CPU
	EndGlobalSection
	GlobalSection(ProjectConfigurationPlatforms) = postSolution
		{19BA1A4D-B820-461E-B851-314BEEFBFCDB}.Debug|Any CPU.ActiveCfg = Debug|Any CPU
		{19BA1A4D-B820-461E-B851-314BEEFBFCDB}.Debug|Any CPU.Build.0 = Debug|Any CPU
		{19BA1A4D-B820-461E-B851-314BEEFBFCDB}.Release|Any CPU.ActiveCfg = Release|Any CPU
		{19BA1A4D-B820-461E-B851-314BEEFBFCDB}.Release|Any CPU.Build.0 = Release|Any CPU
	EndGlobalSection
	GlobalSection(SolutionProperties) = preSolution
		HideSolutionNode = FALSE
	EndGlobalSection
	GlobalSection(ExtensibilityGlobals) = postSolution
		SolutionGuid = {D526BB24-0BA2-4C10-80C3-6955DC72E291}
	EndGlobalSection
EndGlobal
